
Microsoft Visual Studio Solution File, Format Version 10.00
# Visual C++ Express 2008
Project("{8BC9CEB8-8B4A-11D0-8D11-00A0C91BC942}") = "LeafPredictor", "LeafPredictor.vcproj", "{43C90D86-5F35-4A8F-8BD9-9FEECDFCF4D5}"
EndProject
Global
	GlobalSection(SolutionConfigurationPlatforms) = preSolution
		Debug|Win32 = Debug|Win32
		Release|Win32 = Release|Win32
	EndGlobalSection
	GlobalSection(ProjectConfigurationPlatforms) = postSolution
		{43C90D86-5F35-4A8F-8BD9-9FEECDFCF4D5}.Debug|Win32.ActiveCfg = Debug|Win32
		{43C90D86-5F35-4A8F-8BD9-9FEECDFCF4D5}.Debug|Win32.Build.0 = Debug|Win32
		{43C90D86-5F35-4A8F-8BD9-9FEECDFCF4D5}.Release|Win32.ActiveCfg = Release|Win32
		{43C90D86-5F35-4A8F-8BD9-9FEECDFCF4D5}.Release|Win32.Build.0 = Release|Win32
	EndGlobalSection
	GlobalSection(SolutionProperties) = preSolution
		HideSolutionNode = FALSE
	EndGlobalSection
EndGlobal
